GEM
  remote: https://rubygems.org/
  specs:
    Ascii85 (2.0.1)
    action_text-trix (2.1.19)
      railties
    actioncable (8.1.4)
      actionpack (= 8.1.4)
      activesupport (= 8.1.4)
      nio4r (~> 2.0)
      websocket-driver (>= 0.6.1)
      zeitwerk (~> 2.6)
    actioncable-enhanced-postgresql-adapter (1.0.2)
      actioncable (>= 6.0)
      connection_pool (>= 2.2.5)
      pg (~> 1.5)
    actionmailbox (8.1.4)
      actionpack (= 8.1.4)
      activejob (= 8.1.4)
      activerecord (= 8.1.4)
      activestorage (= 8.1.4)
      activesupport (= 8.1.4)
      mail (>= 2.8.0)
    actionmailer (8.1.4)
      actionpack (= 8.1.4)
      actionview (= 8.1.4)
      activejob (= 8.1.4)
      activesupport (= 8.1.4)
      mail (>= 2.8.0)
      rails-dom-testing (~> 2.2)
    actionpack (8.1.4)
      actionview (= 8.1.4)
      activesupport (= 8.1.4)
      nokogiri (>= 1.8.5)
      rack (>= 2.2.4)
      rack-session (>= 1.0.1)
      rack-test (>= 0.6.3)
      rails-dom-testing (~> 2.2)
      rails-html-sanitizer (~> 1.6)
      useragent (~> 0.16)
    actiontext (8.1.4)
      action_text-trix (~> 2.1.15)
      actionpack (= 8.1.4)
      activerecord (= 8.1.4)
      activestorage (= 8.1.4)
      activesupport (= 8.1.4)
      globalid (>= 0.6.0)
      nokogiri (>= 1.8.5)
    actionview (8.1.4)
      activesupport (= 8.1.4)
      builder (~> 3.1)
      erubi (~> 1.11)
      rails-dom-testing (~> 2.2)
      rails-html-sanitizer (~> 1.6)
    activejob (8.1.4)
      activesupport (= 8.1.4)
      globalid (>= 0.3.6)
    activemodel (8.1.4)
      activesupport (= 8.1.4)
    activerecord (8.1.4)
      activemodel (= 8.1.4)
      activesupport (= 8.1.4)
      timeout (>= 0.4.0)
    activestorage (8.1.4)
      actionpack (= 8.1.4)
      activejob (= 8.1.4)
      activerecord (= 8.1.4)
      activesupport (= 8.1.4)
      marcel (~> 1.0)
    activesupport (8.1.4)
      base64
      bigdecimal
      concurrent-ruby (~> 1.0, >= 1.3.1)
      connection_pool (>= 2.2.5)
      drb
      i18n (>= 1.6, < 2)
      json
      logger (>= 1.4.2)
      minitest (>= 5.1)
      securerandom (>= 0.3)
      tzinfo (~> 2.0, >= 2.0.5)
      uri (>= 0.13.1)
    addressable (2.9.0)
      public_suffix (>= 2.0.2, < 8.0)
    afm (1.0.0)
    amatch (0.4.2)
      mize
      tins (~> 1.0)
    anonymous_loader (0.1.3)
      version_gem (~> 1.1, >= 1.1.14)
    ast (2.4.3)
    auth-sanitizer (0.2.3)
      version_gem (~> 1.1, >= 1.1.14)
    aws-eventstream (1.4.0)
    aws-partitions (1.1293.0)
    aws-sdk-core (3.257.0)
      aws-eventstream (~> 1, >= 1.3.0)
      aws-partitions (~> 1, >= 1.992.0)
      aws-sigv4 (~> 1.9)
      base64
      bigdecimal
      jmespath (~> 1, >= 1.6.1)
      logger
      rexml (~> 3.4, >= 3.4.2)
    aws-sdk-kms (1.132.0)
      aws-sdk-core (~> 3, >= 3.256.0)
      aws-sigv4 (~> 1.5)
    aws-sdk-s3 (1.233.2)
      aws-sdk-core (~> 3, >= 3.256.0)
      aws-sdk-kms (~> 1)
      aws-sigv4 (~> 1.5)
    aws-sigv4 (1.12.1)
      aws-eventstream (~> 1, >= 1.0.2)
    base64 (0.3.0)
    bcrypt (3.1.22)
    benchmark (0.5.0)
    bigdecimal (3.3.1)
    bindex (0.8.1)
    bootsnap (1.26.0)
      msgpack (~> 1.5)
    builder (3.3.0)
    byebug (13.0.0)
      reline (>= 0.6.0)
    capybara (3.40.0)
      addressable
      matrix
      mini_mime (>= 0.1.3)
      nokogiri (~> 1.11)
      rack (>= 1.6.0)
      rack-test (>= 0.6.3)
      regexp_parser (>= 1.5, < 3.0)
      xpath (~> 3.2)
    concurrent-ruby (1.3.8)
    connection_pool (3.0.2)
    crack (1.0.1)
      bigdecimal
      rexml
    crass (1.0.7)
    date (3.6.0)
    debug (1.11.1)
      irb (~> 1.10)
      reline (>= 0.3.8)
    dockerfile-rails (1.7.10)
      rails (>= 3.0.0)
    drb (2.2.3)
    erb (6.0.7)
    erubi (1.13.1)
    et-orbi (1.4.2)
      tzinfo
    ethon (0.18.0)
      ffi (>= 1.15.0)
      logger
    event_stream_parser (1.0.0)
    exhale (0.2.0)
      bigdecimal (~> 3.1)
      herb (~> 0.11)
      prism (~> 1.9)
    faraday (2.14.4)
      faraday-net_http (>= 2.0, < 3.5)
      json
      logger
    faraday-multipart (1.2.0)
      multipart-post (~> 2.0)
    faraday-net_http (3.4.4)
      net-http (~> 0.5)
    faraday-retry (2.4.0)
      faraday (~> 2.0)
    faraday-typhoeus (1.1.0)
      faraday (~> 2.0)
      typhoeus (~> 1.4)
    ffi (1.15.5)
    fugit (1.11.2)
      et-orbi (~> 1, >= 1.2.11)
      raabro (~> 1.4)
    gemini-ai (4.2.0)
      event_stream_parser (~> 1.0)
      faraday (~> 2.10)
      faraday-typhoeus (~> 1.1)
      googleauth (~> 1.8)
      typhoeus (~> 1.4, >= 1.4.1)
    globalid (1.4.0)
      activesupport (>= 6.1)
    google-cloud-env (2.4.1)
      base64 (~> 0.2)
      faraday (>= 1.0, < 3.a)
    google-logging-utils (0.2.0)
    googleauth (1.17.4)
      faraday (>= 1.0, < 3.a)
      google-cloud-env (~> 2.2)
      google-logging-utils (~> 0.1)
      jwt (>= 1.4, < 4.0)
      os (>= 0.9, < 2.0)
      pstore (~> 0.1)
      signet (>= 0.16, < 2.a)
    hashdiff (1.2.1)
    hashery (2.1.2)
    hashie (5.1.0)
      logger
    herb (0.11.0-aarch64-linux-gnu)
    herb (0.11.0-aarch64-linux-musl)
    herb (0.11.0-arm-linux-gnu)
    herb (0.11.0-arm-linux-musl)
    herb (0.11.0-arm64-darwin)
    herb (0.11.0-x86_64-darwin)
    herb (0.11.0-x86_64-linux-gnu)
    herb (0.11.0-x86_64-linux-musl)
    i18n (1.15.2)
      concurrent-ruby (~> 1.0)
    image_processing (1.13.0)
      mini_magick (>= 4.9.5, < 5)
      ruby-vips (>= 2.0.17, < 3)
    importmap-rails (2.2.3)
      actionpack (>= 6.0.0)
      activesupport (>= 6.0.0)
      railties (>= 6.0.0)
    io-console (0.9.4)
    irb (1.18.0)
      pp (>= 0.6.0)
      prism (>= 1.3.0)
      rdoc (>= 4.0.0)
      reline (>= 0.4.2)
    jmespath (1.6.2)
    json (3.0.2)
    jwt (3.3.0)
      base64
    language_server-protocol (3.17.0.6)
    lint_roller (1.1.0)
    little-plugger (1.1.4)
    logcraft (2.3)
      logging (~> 2.0)
      multi_json (~> 1.14)
    logger (1.7.0)
    logging (2.4.0)
      little-plugger (~> 1.1)
      multi_json (~> 1.14)
    loofah (2.25.2)
      crass (~> 1.0.2)
      nokogiri (>= 1.12.0)
    mail (2.9.1)
      logger
      mini_mime (>= 0.1.1)
      net-imap
      net-pop
      net-smtp
    marcel (1.2.1)
    matrix (0.4.3)
    mini_magick (4.13.2)
    mini_mime (1.1.5)
    minitest (5.27.0)
    minitest-retry (0.3.1)
      minitest (>= 5.0)
    minitest-skip (0.0.3)
      minitest (~> 5.0)
    minitest-stub_any_instance (1.0.3)
    mize (0.6.1)
    msgpack (1.8.5)
    multi_json (1.21.2)
    multi_xml (0.9.1)
      bigdecimal (>= 3.1, < 5)
    multipart-post (2.4.1)
    name_of_person (1.1.3)
      activesupport (>= 5.2.0)
    net-http (0.10.0)
      net-protocol (>= 0.3.0)
      uri (>= 0.11.1)
    net-imap (0.6.7)
      date
      net-protocol
    net-pop (0.1.2)
      net-protocol
    net-protocol (0.4.0)
      timeout
    net-smtp (0.5.2)
      net-protocol
    nio4r (2.7.5)
    nokogiri (1.19.4-aarch64-linux-gnu)
      racc (~> 1.4)
    nokogiri (1.19.4-aarch64-linux-musl)
      racc (~> 1.4)
    nokogiri (1.19.4-arm-linux-gnu)
      racc (~> 1.4)
    nokogiri (1.19.4-arm-linux-musl)
      racc (~> 1.4)
    nokogiri (1.19.4-arm64-darwin)
      racc (~> 1.4)
    nokogiri (1.19.4-x86_64-darwin)
      racc (~> 1.4)
    nokogiri (1.19.4-x86_64-linux-gnu)
      racc (~> 1.4)
    nokogiri (1.19.4-x86_64-linux-musl)
      racc (~> 1.4)
    oauth2 (2.0.25)
      anonymous_loader (~> 0.1, >= 0.1.3)
      auth-sanitizer (~> 0.2, >= 0.2.3)
      faraday (>= 0.17.3, < 4.0)
      jwt (>= 1.0, < 4.0)
      logger (~> 1.2)
      multi_xml (~> 0.5)
      rack (>= 1.2, < 4)
      snaky_hash (~> 2.0, >= 2.0.7)
      version_gem (~> 1.1, >= 1.1.14)
    omniauth (2.1.4)
      hashie (>= 3.4.6)
      logger
      rack (>= 2.2.3)
      rack-protection
    omniauth-google-oauth2 (1.2.3)
      jwt (>= 2.9.2, < 4)
      oauth2 (~> 2.0)
      omniauth (~> 2.0)
      omniauth-oauth2 (~> 1.8)
    omniauth-microsoft_graph (2.2.0)
      jwt (>= 2.0, < 4.0)
      omniauth (~> 2.0)
      omniauth-oauth2 (~> 1.8.0)
    omniauth-oauth2 (1.8.0)
      oauth2 (>= 1.4, < 3)
      omniauth (~> 2.0)
    omniauth-rails_csrf_protection (2.0.1)
      actionpack (>= 4.2)
      omniauth (~> 2.0)
    os (1.1.4)
    ostruct (0.6.3)
    parallel (2.3.0)
    parser (3.3.12.0)
      ast (~> 2.4.1)
      racc
    pdf-reader (2.16.0)
      Ascii85 (>= 1.0, < 3.0, != 2.0.0)
      afm (>= 0.2.1, < 2)
      hashery (~> 2.0)
      ttfunk
    pg (1.7.0)
    pg (1.7.0-aarch64-linux)
    pg (1.7.0-aarch64-linux-musl)
    pg (1.7.0-arm64-darwin)
    pg (1.7.0-x86_64-darwin)
    pg (1.7.0-x86_64-linux)
    pg (1.7.0-x86_64-linux-musl)
    postmark (1.25.1)
      json
    postmark-rails (0.22.1)
      actionmailer (>= 3.0.0)
      postmark (>= 1.21.3, < 2.0)
    pp (0.6.4)
      prettyprint
    prettyprint (0.2.1)
    prism (1.9.0)
    pstore (0.2.1)
    public_suffix (7.0.5)
    puma (8.0.2)
      nio4r (~> 2.0)
    raabro (1.5.0)
    racc (1.8.1)
    rack (3.2.7)
    rack-cors (3.0.0)
      logger
      rack (>= 3.0.14)
    rack-protection (4.2.1)
      base64 (>= 0.1.0)
      logger (>= 1.6.0)
      rack (>= 3.0.0, < 4)
    rack-session (2.1.2)
      base64 (>= 0.1.0)
      rack (>= 3.0.0)
    rack-test (2.2.0)
      rack (>= 1.3)
    rackup (2.3.1)
      rack (>= 3)
    rails (8.1.4)
      actioncable (= 8.1.4)
      actionmailbox (= 8.1.4)
      actionmailer (= 8.1.4)
      actionpack (= 8.1.4)
      actiontext (= 8.1.4)
      actionview (= 8.1.4)
      activejob (= 8.1.4)
      activemodel (= 8.1.4)
      activerecord (= 8.1.4)
      activestorage (= 8.1.4)
      activesupport (= 8.1.4)
      bundler (>= 1.15.0)
      railties (= 8.1.4)
    rails-controller-testing (1.0.5)
      actionpack (>= 5.0.1.rc1)
      actionview (>= 5.0.1.rc1)
      activesupport (>= 5.0.1.rc1)
    rails-dom-testing (2.3.0)
      activesupport (>= 5.0.0)
      minitest
      nokogiri (>= 1.6)
    rails-html-sanitizer (1.7.1)
      loofah (~> 2.25, >= 2.25.2)
      nokogiri (>= 1.15.7, != 1.16.7, != 1.16.6, != 1.16.5, != 1.16.4, != 1.16.3, != 1.16.2, != 1.16.1, != 1.16.0.rc1, != 1.16.0)
    rails_heroicon (2.2.0)
      actionview
      railties
    railties (8.1.4)
      actionpack (= 8.1.4)
      activesupport (= 8.1.4)
      irb (~> 1.13)
      rackup (>= 1.0.0)
      rake (>= 12.2)
      thor (~> 1.0, >= 1.2.2)
      tsort (>= 0.2)
      zeitwerk (~> 2.6)
    rainbow (3.1.1)
    rake (13.4.2)
    rbs (4.2.0)
      logger
      prism (>= 1.6.0)
      tsort
    rdoc (8.1.0)
      erb
      prism (>= 1.6.0)
      rbs (>= 4.0.0)
      tsort
    readline (0.0.4)
      reline
    redcarpet (3.6.1)
    redis (6.0.0)
      redis-client (= 0.30.1)
    redis-client (0.30.1)
      connection_pool
    regexp_parser (2.13.1)
    reline (0.7.0)
      io-console (~> 0.5)
    rexml (3.4.4)
    rubocop (1.91.0)
      json (>= 2.3)
      language_server-protocol (~> 3.17.0.2)
      lint_roller (~> 1.1.0)
      parallel (>= 1.10)
      parser (>= 3.3.0.2)
      rainbow (>= 2.2.2, < 4.0)
      regexp_parser (>= 2.9.3, < 3.0)
      rubocop-ast (>= 1.49.0, < 2.0)
      ruby-progressbar (~> 1.7)
      unicode-display_width (>= 2.4.0, < 4.0)
    rubocop-ast (1.50.0)
      parser (>= 3.3.7.2)
      prism (~> 1.7)
    rubocop-capybara (3.0.0)
      lint_roller (~> 1.1)
      rubocop (~> 1.81)
    rubocop-minitest (0.41.0)
      lint_roller (~> 1.1)
      rubocop (>= 1.89.0, < 2.0)
      rubocop-ast (>= 1.38.0, < 2.0)
    rubocop-performance (1.26.1)
      lint_roller (~> 1.1)
      rubocop (>= 1.75.0, < 2.0)
      rubocop-ast (>= 1.47.1, < 2.0)
    rubocop-rails (2.38.0)
      activesupport (>= 4.2.0)
      lint_roller (~> 1.1)
      rack (>= 1.1)
      rubocop (>= 1.89.0, < 2.0)
      rubocop-ast (>= 1.44.0, < 2.0)
    ruby-anthropic (0.4.2)
      event_stream_parser (>= 0.3.0, < 2.0.0)
      faraday (>= 1)
      faraday-multipart (>= 1)
    ruby-openai (7.0.1)
      event_stream_parser (>= 0.3.0, < 2.0.0)
      faraday (>= 1)
      faraday-multipart (>= 1)
    ruby-progressbar (1.13.0)
    ruby-vips (2.3.0)
      ffi (~> 1.12)
      logger
    ruby_llm (1.16.0)
      base64
      event_stream_parser (~> 1)
      faraday (>= 1.10.0)
      faraday-multipart (>= 1)
      faraday-net_http (>= 1)
      faraday-retry (>= 1)
      marcel (~> 1)
      ruby_llm-schema (~> 0)
      zeitwerk (~> 2)
    ruby_llm-schema (0.4.0)
    rubyzip (3.7.0)
    securerandom (0.4.1)
    selenium-webdriver (4.51.0)
      base64 (~> 0.2)
      logger (~> 1.4)
      rubyzip (>= 1.2.2, < 4.0)
      websocket (~> 1.0)
    signet (0.22.0)
      addressable (~> 2.8)
      faraday (>= 0.17.5, < 3.a)
      jwt (>= 1.5, < 4.0)
    snaky_hash (2.0.7)
      hashie (>= 0.1.0, < 6)
      version_gem (~> 1.1, >= 1.1.14)
    solid_queue (1.0.2)
      activejob (>= 7.1)
      activerecord (>= 7.1)
      concurrent-ruby (>= 1.3.1)
      fugit (~> 1.11.0)
      railties (>= 7.1)
      thor (~> 1.3.1)
    sprockets (4.4.1)
      concurrent-ruby (~> 1.1)
      logger
      rack (>= 2.2.4, < 4)
    sprockets-rails (3.5.2)
      actionpack (>= 6.1)
      activesupport (>= 6.1)
      sprockets (>= 3.0.0)
    standard (1.57.0)
      language_server-protocol (~> 3.17.0.2)
      lint_roller (~> 1.0)
      rubocop (~> 1.91.0)
      standard-custom (~> 1.0.0)
      standard-performance (~> 1.8)
    standard-custom (1.0.2)
      lint_roller (~> 1.0)
      rubocop (~> 1.50)
    standard-performance (1.9.0)
      lint_roller (~> 1.1)
      rubocop-performance (~> 1.26.0)
    stimulus-rails (1.3.4)
      railties (>= 6.0.0)
    sync (0.5.0)
    syslog (0.4.0)
      logger
    tailwindcss-rails (2.7.9-aarch64-linux)
      railties (>= 7.0.0)
    tailwindcss-rails (2.7.9-arm-linux)
      railties (>= 7.0.0)
    tailwindcss-rails (2.7.9-arm64-darwin)
      railties (>= 7.0.0)
    tailwindcss-rails (2.7.9-x86_64-darwin)
      railties (>= 7.0.0)
    tailwindcss-rails (2.7.9-x86_64-linux)
      railties (>= 7.0.0)
    thor (1.3.2)
    timecop (0.9.11)
    timeout (0.6.1)
    tins (1.60.1)
      bigdecimal
      irb
      mize (~> 0.6)
      readline
      sync
    tsort (0.2.0)
    ttfunk (1.8.0)
      bigdecimal (~> 3.1)
    turbo-rails (2.0.23)
      actionpack (>= 7.1.0)
      railties (>= 7.1.0)
    typhoeus (1.6.0)
      ethon (>= 0.18.0)
    tzinfo (2.0.6)
      concurrent-ruby (~> 1.0)
    unicode-display_width (3.3.0)
      unicode-emoji (~> 4.3)
    unicode-emoji (4.3.0)
    uri (1.1.2)
    useragent (0.16.11)
    version_gem (1.1.15)
    web-console (4.3.0)
      actionview (>= 8.0.0)
      bindex (>= 0.4.0)
      railties (>= 8.0.0)
    webmock (3.26.4)
      addressable (>= 2.8.0)
      crack (>= 0.3.2)
      hashdiff (>= 0.4.0, < 2.0.0)
    websocket (1.2.11)
    websocket-driver (0.8.2)
      base64
      websocket-extensions (>= 0.1.0)
    websocket-extensions (0.1.5)
    xpath (3.2.0)
      nokogiri (~> 1.8)
    zeitwerk (2.8.3)

PLATFORMS
  aarch64-linux
  aarch64-linux-gnu
  aarch64-linux-musl
  arm-linux
  arm-linux-gnu
  arm-linux-musl
  arm64-darwin
  x86_64-darwin
  x86_64-linux
  x86_64-linux-gnu
  x86_64-linux-musl

DEPENDENCIES
  actioncable-enhanced-postgresql-adapter
  amatch (~> 0.4.1)
  aws-sdk-s3
  bcrypt (~> 3.1.7)
  benchmark
  bootsnap
  byebug
  capybara
  debug
  dockerfile-rails (>= 1.6)
  exhale
  ffi (~> 1.15.5)
  gemini-ai (~> 4.2.0)
  image_processing (~> 1.13.0)
  importmap-rails
  logcraft
  minitest (~> 5.0)
  minitest-retry
  minitest-skip
  minitest-stub_any_instance
  name_of_person
  omniauth (~> 2.1)
  omniauth-google-oauth2 (~> 1.1)
  omniauth-microsoft_graph (~> 2.0)
  omniauth-rails_csrf_protection (~> 2.0.1)
  ostruct
  pdf-reader (~> 2.11)
  pg (~> 1.1)
  postmark-rails
  puma (>= 6.0)
  rack-cors
  rails (~> 8.1.3)
  rails-controller-testing
  rails_heroicon (~> 2.2.0)
  redcarpet (~> 3.6.0)
  redis (>= 4.0.1)
  rubocop-capybara
  rubocop-minitest
  rubocop-rails
  ruby-anthropic (~> 0.4.0)
  ruby-openai (~> 7.0.1)
  ruby_llm (~> 1.16.0)
  selenium-webdriver
  solid_queue (~> 1.0.0)
  sprockets-rails
  standard
  stimulus-rails (~> 1.3.3)
  syslog
  tailwindcss-rails (~> 2.7.2)
  timecop
  turbo-rails (~> 2.0.5)
  tzinfo-data
  web-console
  webmock

CHECKSUMS
  Ascii85 (2.0.1) sha256=15cb5d941808543cbb9e7e6aea3c8ec3877f154c3461e8b3673e97f7ecedbe5a
  action_text-trix (2.1.19) sha256=7012f59421009cf284aa651294896414d653a61a2417c9b8714c8476d2f74009
  actioncable (8.1.4) sha256=cfcd72f8c861e01ccdc96d772ad8c5ad6ed0ea7c571aef81a794b6027eaa7f11
  actioncable-enhanced-postgresql-adapter (1.0.2) sha256=6f09b8c894c863ef66e5bbace14ccf01dd10ad2b1218a93d7a74b336f3bd4e21
  actionmailbox (8.1.4) sha256=9c4525e577ebb671ce558f3ea78b8a634f64e56a0e6e8d105b28b873793a06eb
  actionmailer (8.1.4) sha256=f82d95d6762ae46ea38f221d3363639266af4f8e56d50e2bd367558674baf093
  actionpack (8.1.4) sha256=245493cc51be195a7645e6fc184880fa7e5b32ff1a08e053ee31f58c76e30ea4
  actiontext (8.1.4) sha256=33ee99bea7da6af911fc7d98b17013a8e1ec62aa01b20b20e9a5366f40dbf644
  actionview (8.1.4) sha256=eff1efd07c4d969abad288322b423bcb67fdbab5e324c91ca37352b80f226076
  activejob (8.1.4) sha256=4ed5b2ed8d4cc5c8f5f09becfef8346f202a4884eee0c8c73cae5ac378824099
  activemodel (8.1.4) sha256=9a0906c127bd118aa5f06157db12b8f750da83dccee72db2f658547a0ae7a0e8
  activerecord (8.1.4) sha256=3b4957ea7f246c9231bd7faa909312eac03a9101aaf87977b6c52733ff00b04f
  activestorage (8.1.4) sha256=f4956f3ec9ee63e5e0b332b57c877cb627f82b56f4cc902279310d2aa285c7a8
  activesupport (8.1.4) sha256=891dd3fe43c4fc8391934b237b1189bb1f661c932a84a840043db9d46a4e80df
  addressable (2.9.0) sha256=7fdf6ac3660f7f4e867a0838be3f6cf722ace541dd97767fa42bc6cfa980c7af
  afm (1.0.0) sha256=5bd4d6f6241e7014ef090985ec6f4c3e9745f6de0828ddd58bc1efdd138f4545
  amatch (0.4.2) sha256=5a7c8c08882864621b81bf3bbc0447bb638afe6066ceeead6b9d11f34cf0d911
  anonymous_loader (0.1.3) sha256=084a18e2439144d955447dc11dfc982f41fcd1583ad32d4d55151325dc44cb55
  ast (2.4.3) sha256=954615157c1d6a382bc27d690d973195e79db7f55e9765ac7c481c60bdb4d383
  auth-sanitizer (0.2.3) sha256=db10aac92cfbe4c64ab637eebcbe1d67395d1694798041362173370f59933e3c
  aws-eventstream (1.4.0) sha256=116bf85c436200d1060811e6f5d2d40c88f65448f2125bc77ffce5121e6e183b
  aws-partitions (1.1293.0) sha256=d53c028087a7c75b435afb35b310a315a64268e6fb5ecd5d44d8e4f210ce725c
  aws-sdk-core (3.257.0) sha256=a92ad19c7ff668cec6688ee3200ee562da80647a3bbeed9fda02e8b0ca6492c6
  aws-sdk-kms (1.132.0) sha256=094b0097bb3be9d5c1ac87e971ca7f5aebb746801dfb5f0f576480bf98dca69c
  aws-sdk-s3 (1.233.2) sha256=b138737a0de8b02f163ae47a9fc184ac98fc9b90926237c7d7af716a14ea1221
  aws-sigv4 (1.12.1) sha256=6973ff95cb0fd0dc58ba26e90e9510a2219525d07620c8babeb70ef831826c00
  base64 (0.3.0) sha256=27337aeabad6ffae05c265c450490628ef3ebd4b67be58257393227588f5a97b
  bcrypt (3.1.22) sha256=1f0072e88c2d705d94aff7f2c5cb02eb3f1ec4b8368671e19112527489f29032
  benchmark (0.5.0) sha256=465df122341aedcb81a2a24b4d3bd19b6c67c1530713fd533f3ff034e419236c
  bigdecimal (3.3.1) sha256=eaa01e228be54c4f9f53bf3cc34fe3d5e845c31963e7fcc5bedb05a4e7d52218
  bindex (0.8.1) sha256=7b1ecc9dc539ed8bccfc8cb4d2732046227b09d6f37582ff12e50a5047ceb17e
  bootsnap (1.26.0) sha256=ca96237015e6cd74a02963d5821cf00ac5ea134653b323e8cd6d702a7718bf1b
  builder (3.3.0) sha256=497918d2f9dca528fdca4b88d84e4ef4387256d984b8154e9d5d3fe5a9c8835f
  byebug (13.0.0) sha256=d2263efe751941ca520fa29744b71972d39cbc41839496706f5d9b22e92ae05d
  capybara (3.40.0) sha256=42dba720578ea1ca65fd7a41d163dd368502c191804558f6e0f71b391054aeef
  concurrent-ruby (1.3.8) sha256=b2f1be836e968ccc78ccfce277ea79c72a88633f22306782c16ff23fb415d1e1
  connection_pool (3.0.2) sha256=33fff5ba71a12d2aa26cb72b1db8bba2a1a01823559fb01d29eb74c286e62e0a
  crack (1.0.1) sha256=ff4a10390cd31d66440b7524eb1841874db86201d5b70032028553130b6d4c7e
  crass (1.0.7) sha256=94868719948664c89ddcaf0a37c65048413dfcb1c869470a5f7a7ceb5390b295
  date (3.6.0) sha256=18ac945c4e24ebd93534f8eab8c2fd8c5604b3e977105b3798d62a1e8d27b580
  debug (1.11.1) sha256=2e0b0ac6119f2207a6f8ac7d4a73ca8eb4e440f64da0a3136c30343146e952b6
  dockerfile-rails (1.7.10) sha256=04163273792ec6c6560244d32c0b44bbed705384a47b8063adcbf0d7bc8abd26
  drb (2.2.3) sha256=0b00d6fdb50995fe4a45dea13663493c841112e4068656854646f418fda13373
  erb (6.0.7) sha256=c5ca6dc25b0ef974a44dc8f59fe847577122483b1968a38dec305c60bf91ee92
  erubi (1.13.1) sha256=a082103b0885dbc5ecf1172fede897f9ebdb745a4b97a5e8dc63953db1ee4ad9
  et-orbi (1.4.2) sha256=bb555dae668419cb24caa2a293a170e58be6d4df1e017c51f5030bdc133cd20c
  ethon (0.18.0) sha256=b598afc9f30448cb068b850714b7d6948e941476095d04f90a4ac65b8d6efcb2
  event_stream_parser (1.0.0) sha256=a2683bab70126286f8184dc88f7968ffc4028f813161fb073ec90d171f7de3c8
  exhale (0.2.0) sha256=e8b0373c2cea10f7b2261b2335a12fbf30d9fc4f000f96d66cdc9cca025e29e1
  faraday (2.14.4) sha256=9bb4408c44621b0dbaaaa39e5dbfc4dbe58cc6751b6eb94d16ae9e1f2f2fab6e
  faraday-multipart (1.2.0) sha256=7d89a949693714176f612323ca13746a2ded204031a6ba528adee788694ef757
  faraday-net_http (3.4.4) sha256=0e78af151747ed1b00f33e25973b4bc220d7f16c00c39676817c8b12331eb588
  faraday-retry (2.4.0) sha256=7b79c48fb7e56526faf247b12d94a680071ff40c9fda7cf1ec1549439ad11ebe
  faraday-typhoeus (1.1.0) sha256=24c6147c213818dde3ebc50ae47ab92f9a7e554903aa362707126f749c6890e7
  ffi (1.15.5) sha256=6f2ed2fa68047962d6072b964420cba91d82ce6fa8ee251950c17fca6af3c2a0
  fugit (1.11.2) sha256=4c2e234f750c78d4514d0ca343a0b923847eac3846976fdb23ed4245d8fde6fe
  gemini-ai (4.2.0) sha256=7658573bce016b41e656833a8a56315969c2cc4a1485cb869f325af6b0ef6b87
  globalid (1.4.0) sha256=037f12fbf1d9d7a014d501c2d5c77356fd4ddd96d7a7991d6700bba96706f427
  google-cloud-env (2.4.1) sha256=987cc58afc50ce2903128ab4dcd442159be4457246b8137e41d49d5c3fc590dd
  google-logging-utils (0.2.0) sha256=675462b4ea5affa825a3442694ca2d75d0069455a1d0956127207498fca3df7b
  googleauth (1.17.4) sha256=acc2cac2a6011048f149c922cbc6c9675719e165aa5000c7fa3876c480fe9ae3
  hashdiff (1.2.1) sha256=9c079dbc513dfc8833ab59c0c2d8f230fa28499cc5efb4b8dd276cf931457cd1
  hashery (2.1.2) sha256=d239cc2310401903f6b79d458c2bbef5bf74c46f3f974ae9c1061fb74a404862
  hashie (5.1.0) sha256=c266471896f323c446ea8207f8ffac985d2718df0a0ba98651a3057096ca3870
  herb (0.11.0-aarch64-linux-gnu) sha256=7d8244655bb99a50b2d52ea13408c2a76b3fbd70bcca8ccee4229d3e1902bb0b
  herb (0.11.0-aarch64-linux-musl) sha256=8b19e8ce70cae1a016468cd6c3a88a051e47fd68f3f8b1bd3ffb751a62109982
  herb (0.11.0-arm-linux-gnu) sha256=8fd8e3c4d45c3b6bc8a2b7f056ac4bf961cfb03407fef26f7e1d5ef69406bf5d
  herb (0.11.0-arm-linux-musl) sha256=0ac4e441389d8e67ef1afcabdb1bff94f5b7cd1c2811159647f61fc7bc241f8d
  herb (0.11.0-arm64-darwin) sha256=8972ac3e5a7ee7296a89d78fceb40d8fb85c3ea8d40c9781a9c8db3e58194501
  herb (0.11.0-x86_64-darwin) sha256=2eb9db026a1949cb2ad8cfa1944ef8402feab784c7d37a35c48575a9e0d79912
  herb (0.11.0-x86_64-linux-gnu) sha256=aba19094bc1618e1bc0fb59db52ba251c93a24598f5228815616b282f10bb8a0
  herb (0.11.0-x86_64-linux-musl) sha256=e27a08fe72304c8043e851b568ed30eaa45f06b5333d151939a7834e936c01aa
  i18n (1.15.2) sha256=00f9eb62412fe593b2a65a97daa75300d37abb8f7202ec748e94b6d46a9dd1b5
  image_processing (1.13.0) sha256=71cffe2707573b16a4800b10619dc851add8cf9e667931ae900b7cac1d9cdd65
  importmap-rails (2.2.3) sha256=7101be2a4dc97cf1558fb8f573a718404c5f6bcfe94f304bf1f39e444feeb16a
  io-console (0.9.4) sha256=a403304f32928ee85e56d457b4612ca43f2703b561a3258844992bd24085fbb1
  irb (1.18.0) sha256=de9454a0703a54704b9811a5ef31a60c86949fbf4013fcf244fabc7c775248e3
  jmespath (1.6.2) sha256=238d774a58723d6c090494c8879b5e9918c19485f7e840f2c1c7532cf84ebcb1
  json (3.0.2) sha256=8e6d7e7b11384c21230430cef90b71f14849a34a1f4452796670f7c981bd19df
  jwt (3.3.0) sha256=44cc34fbc341c148233cf66641522b4bce0dfb1ce55e8073f05c56f44f4ee546
  language_server-protocol (3.17.0.6) sha256=5ef2c0c138f8267e1bc631d3328347d354f96724b0af22f2c79516120443b7f0
  lint_roller (1.1.0) sha256=2c0c845b632a7d172cb849cc90c1bce937a28c5c8ccccb50dfd46a485003cc87
  little-plugger (1.1.4) sha256=d5f347c00d9d648040ef7c17d6eb09d3d0719adf19ca30d1a3b6fb26d0a631bb
  logcraft (2.3) sha256=f8c8f377b2655e918997ec0154801a75cf92ca6935cfb54cd05eafab2094ee19
  logger (1.7.0) sha256=196edec7cc44b66cfb40f9755ce11b392f21f7967696af15d274dde7edff0203
  logging (2.4.0) sha256=ba8893a3c211b836f4131bb93b3eb3137a0c3b1fcd0ec3d570e324d8bdc00ccb
  loofah (2.25.2) sha256=2007f746959ac65552456e04b433e83deb22759ab38c838b4445c70e43425918
  mail (2.9.1) sha256=06574eca475253d6c18145dd70af80d0eb970182d55053497c5f4d797ea160e8
  marcel (1.2.1) sha256=1678e9360e32f9eafa917c80029e2f6d10b2715c66a4b87b6d0da9b9cd1f859f
  matrix (0.4.3) sha256=a0d5ab7ddcc1973ff690ab361b67f359acbb16958d1dc072b8b956a286564c5b
  mini_magick (4.13.2) sha256=71d6258e0e8a3d04a9a0a09784d5d857b403a198a51dd4f882510435eb95ddd9
  mini_mime (1.1.5) sha256=8681b7e2e4215f2a159f9400b5816d85e9d8c6c6b491e96a12797e798f8bccef
  minitest (5.27.0) sha256=2d3b17f8a36fe7801c1adcffdbc38233b938eb0b4966e97a6739055a45fa77d5
  minitest-retry (0.3.1) sha256=9b8282c5c1684a04b330526b90f39e42b7cec1b91abf70af6526e64131df186f
  minitest-skip (0.0.3) sha256=512b3fc01f20a4fc2c191dc9ab2726b9a032b6b44d967c96714934b0f2aec562
  minitest-stub_any_instance (1.0.3) sha256=d53ca295d173817f828789ac44ad3c2a4a0752166eea7a63c9ae026d9e7660e8
  mize (0.6.1) sha256=4031558979ff5426fda24c75a149b4e4c0faf4cacf2fae8938f83866ab94b780
  msgpack (1.8.5) sha256=97419eaa7b35dfe3e462c0e6c1a3dfdcbfc8756605c09e46e4c6daef127517ba
  multi_json (1.21.2) sha256=245531eaf54bdba57aba515ff08b4503505c5e09911daa89c5a561e2f85bea8e
  multi_xml (0.9.1) sha256=7ce766b59c17241ed62976caeae1fae9b2431b263398c35396239a68c4a64e57
  multipart-post (2.4.1) sha256=9872d03a8e552020ca096adadbf5e3cb1cd1cdd6acd3c161136b8a5737cdb4a8
  name_of_person (1.1.3) sha256=e12291250987ef79c413314f698f15d53e7a602c42231de99c276ef9585bc18c
  net-http (0.10.0) sha256=1a2ff6e37a05724973c43f2bf7bf105f59c36a4cd0a7e9b1c021a0a566987c27
  net-imap (0.6.7) sha256=b5c9573be975d856de252ee851871724da66aa2d449b2482d5690bd12bc23660
  net-pop (0.1.2) sha256=848b4e982013c15b2f0382792268763b748cce91c9e91e36b0f27ed26420dff3
  net-protocol (0.4.0) sha256=f9f90c8c6f64794a45160bf422177a336db12809de3beeeaa26b88fcd2e8c853
  net-smtp (0.5.2) sha256=35103cc04d6b2d94632f9928ede07483c24b70b9c0db1f231fea43909b678f3c
  nio4r (2.7.5) sha256=6c90168e48fb5f8e768419c93abb94ba2b892a1d0602cb06eef16d8b7df1dca1
  nokogiri (1.19.4-aarch64-linux-gnu) sha256=1269fb644a6de405057a53dd5c762b1209b43ca7424f839454d3dbc677c31a8f
  nokogiri (1.19.4-aarch64-linux-musl) sha256=35c65b9ce72b3bb03207bdbe7067915019dc18c1b9b59139684bd6690fdd01af
  nokogiri (1.19.4-arm-linux-gnu) sha256=a301313e38bb065d68239e79734bcd6f56fb6efaacebde29e9abf2a4735340ca
  nokogiri (1.19.4-arm-linux-musl) sha256=588923c101bcfa78869734d247d25b598674323e7f22474fc468f6e5647311eb
  nokogiri (1.19.4-arm64-darwin) sha256=a46db9853286e6597b36ebc6953817d15acf3a299583eb3f89fdc6f91dd63527
  nokogiri (1.19.4-x86_64-darwin) sha256=7fd17057d3e1f00e9954a74b3cd76595d3d4a5ef233b7ed9599047c204f70551
  nokogiri (1.19.4-x86_64-linux-gnu) sha256=379fae440b28915e3f19d752ce2dcf8465ed2b2fbefd2a7ca0dd497bc981a06a
  nokogiri (1.19.4-x86_64-linux-musl) sha256=17dfb7c1fa194ae02fbf7c51a7afc8d278045ab3fdacfd86f91d02d7b274470b
  oauth2 (2.0.25) sha256=2f736a2f93c2caa67c1b08dc3c9889bb907d62643f3183fefaa1723cba6a82ac
  omniauth (2.1.4) sha256=42a05b0496f0d22e1dd85d42aaf602f064e36bb47a6826a27ab55e5ba608763c
  omniauth-google-oauth2 (1.2.3) sha256=bdbab67e64e50b7902eee2dcfc2225575cefba15ab89a3b6e92c8947987c1da9
  omniauth-microsoft_graph (2.2.0) sha256=2796ee45fa707d9d042cd34f26219b2dc78d053478b07c6d5e00f3b60487bd55
  omniauth-oauth2 (1.8.0) sha256=b2f8e9559cc7e2d4efba57607691d6d2b634b879fc5b5b6ccfefa3da85089e78
  omniauth-rails_csrf_protection (2.0.1) sha256=c6e3204d7e3925bb537cb52d50fdfc9f05293f1a9d87c5d4ab4ca3a39ba8c32d
  os (1.1.4) sha256=57816d6a334e7bd6aed048f4b0308226c5fb027433b67d90a9ab435f35108d3f
  ostruct (0.6.3) sha256=95a2ed4a4bd1d190784e666b47b2d3f078e4a9efda2fccf18f84ddc6538ed912
  parallel (2.3.0) sha256=f75a3e904101ce6a1ccb6b8dc800cbafd42166d83330192438dcf29395167a6f
  parser (3.3.12.0) sha256=21a6d7f755d5a24dfbdc6e6b772e4e879a52e7631a88bc5a3a134606052c9828
  pdf-reader (2.16.0) sha256=bf1b5564c085264d8279bde3cf1467778b75841494d20c0fe7da3dad475f3732
  pg (1.7.0) sha256=f7b536501284e883d4c9ef86dbde0313063e4aaafc23575b0017b0d572a26afb
  pg (1.7.0-aarch64-linux) sha256=101dd3a261000eb64b03ff41a5890674b735b626dbdce88652969b59fb0b1157
  pg (1.7.0-aarch64-linux-musl) sha256=5ca4d4619a1a39fb22de47350130956ece69cf0512858ee68dca926e46f65e4a
  pg (1.7.0-arm64-darwin) sha256=9fa895bbe28bdd579b83ccc80464c01d1015ea7549a7919134c9f8f10c060e4b
  pg (1.7.0-x86_64-darwin) sha256=7b726ba6eab8b143fb803d3b4173b0a3e4b0b032025032212f90d436785022db
  pg (1.7.0-x86_64-linux) sha256=d0a24f448b3c874c8b2658d4efbbbefce7315c228ede84f6f6f42089d1d704b6
  pg (1.7.0-x86_64-linux-musl) sha256=0c9bc93b6e0aca2a5b07daef00b7ec4f9882bfe21ef3872b4371f8ecffe1f1e1
  postmark (1.25.1) sha256=2ac110fa1b4f85a62996fdc63167922eea1c4284a9a7ceb9e007f2758d9e17be
  postmark-rails (0.22.1) sha256=fcea27dda4f7418123d7723622ec5447df4dacacc10a20a40add0f6789135d8f
  pp (0.6.4) sha256=dfcb0fce700c41456265922884f9fe195d7fbb0674a3578e6c0f69588e82b570
  prettyprint (0.2.1) sha256=d555d57ea6d7cf001d4774b693546a6bd88bec1e778ddffb5c60b68ceec4b7d4
  prism (1.9.0) sha256=7b530c6a9f92c24300014919c9dcbc055bf4cdf51ec30aed099b06cd6674ef85
  pstore (0.2.1) sha256=03904d0f2c66579e96d1e6704cdabc0c88df7ea8ed8782d9f3569f6f6c702c1a
  public_suffix (7.0.5) sha256=1a8bb08f1bbea19228d3bed6e5ed908d1cb4f7c2726d18bd9cadf60bc676f623
  puma (8.0.2) sha256=c8ed871dfbbe66448ea9ffd46692342d9804d4071522b52b5331b7b6e7b686fb
  raabro (1.5.0) sha256=3f998a7bc84f9c84df3ab580634d2e0a5bda4f0841168d56035f529c9877440a
  racc (1.8.1) sha256=4a7f6929691dbec8b5209a0b373bc2614882b55fc5d2e447a21aaa691303d62f
  rack (3.2.7) sha256=93e13e1c24f93556671d85d2d79fa228c3485815c50d7e2f265b5330c6528fb7
  rack-cors (3.0.0) sha256=7b95be61db39606906b61b83bd7203fa802b0ceaaad8fcb2fef39e097bf53f68
  rack-protection (4.2.1) sha256=cf6e2842df8c55f5e4d1a4be015e603e19e9bc3a7178bae58949ccbb58558bac
  rack-session (2.1.2) sha256=595434f8c0c3473ae7d7ac56ecda6cc6dfd9d37c0b2b5255330aa1576967ffe8
  rack-test (2.2.0) sha256=005a36692c306ac0b4a9350355ee080fd09ddef1148a5f8b2ac636c720f5c463
  rackup (2.3.1) sha256=6c79c26753778e90983761d677a48937ee3192b3ffef6bc963c0950f94688868
  rails (8.1.4) sha256=5f3ecdf9a2a3b79b2e31b8fee3b64a00f7284d76e5631f87d0e58e665911a33b
  rails-controller-testing (1.0.5) sha256=741448db59366073e86fc965ba403f881c636b79a2c39a48d0486f2607182e94
  rails-dom-testing (2.3.0) sha256=8acc7953a7b911ca44588bf08737bc16719f431a1cc3091a292bca7317925c1d
  rails-html-sanitizer (1.7.1) sha256=e797a7c9b01e567307e317c576b49ab4168017e63eea4dba9ce3cb587e2f22c2
  rails_heroicon (2.2.0) sha256=4552177d76b2355be7275a54786418a929c8a40ac4286ca1eb5a1345ed190f7b
  railties (8.1.4) sha256=b5e7a8e8984e33114d68af62227971960aae1e6c02bd7c9d826ffad97fff583c
  rainbow (3.1.1) sha256=039491aa3a89f42efa1d6dec2fc4e62ede96eb6acd95e52f1ad581182b79bc6a
  rake (13.4.2) sha256=cb825b2bd5f1f8e91ca37bddb4b9aaf345551b4731da62949be002fa89283701
  rbs (4.2.0) sha256=51f7b886dcc05bc09e10b901daa6a81829f6adc03101d6ca9ea4aac6103e0674
  rdoc (8.1.0) sha256=befc37880a5cfd36dcb176c748b5fd5ee39dd3536a75e81824e4972ce230f60a
  readline (0.0.4) sha256=6138eef17be2b98298b672c3ea63bf9cb5158d401324f26e1e84f235879c1d6a
  redcarpet (3.6.1) sha256=d444910e6aa55480c6bcdc0cdb057626e8a32c054c29e793fa642ba2f155f445
  redis (6.0.0) sha256=de71c10edd106986b759ec7ecdd08b63b9c0ee7414a0d0c1da73d31ba2bccda6
  redis-client (0.30.1) sha256=5151bc5c7bbfe48623732cdae3b900d8a22dc691cc7cdfacfb351ac55116522d
  regexp_parser (2.13.1) sha256=5aedb6b7c35688f51e86eef17a15374dfd287c83f4ca644b2c5f3ec50a33b44b
  reline (0.7.0) sha256=5b012d8e55dbf9d450f12bde2cf7d15ff546ae80b3f8f3b30e570d431815583d
  rexml (3.4.4) sha256=19e0a2c3425dfbf2d4fc1189747bdb2f849b6c5e74180401b15734bc97b5d142
  rubocop (1.91.0) sha256=9c82b7bf391c5d7e3798c5b9996e22a1fe3bd7468e351dfdeb96140c058296d0
  rubocop-ast (1.50.0) sha256=b9ca88300da0803ee222ad20cdb30494c0a784eed06fdc35d254b06d662788db
  rubocop-capybara (3.0.0) sha256=7a64655238acda7f8f3c87e37ac825a64c615a79c17c253f1a28270dc3768c4b
  rubocop-minitest (0.41.0) sha256=c15bfe00134a30c8a00ce670b07ecc80440455ba277b8682cf0d515c98ee7426
  rubocop-performance (1.26.1) sha256=cd19b936ff196df85829d264b522fd4f98b6c89ad271fa52744a8c11b8f71834
  rubocop-rails (2.38.0) sha256=6e2b7c532efa95e3050371bec20b8f5b025662acead8bc70ee31f0e3e6fa2f06
  ruby-anthropic (0.4.2) sha256=a1cae63a9af944fe7606600881f7c53a81a967f47fe9d1e34c33d7310186eab3
  ruby-openai (7.0.1) sha256=d0b439edf03b917f004a336ecad66a88894d8801ebfe44bbf10d104684aaa67b
  ruby-progressbar (1.13.0) sha256=80fc9c47a9b640d6834e0dc7b3c94c9df37f08cb072b7761e4a71e22cff29b33
  ruby-vips (2.3.0) sha256=e685ec02c13969912debbd98019e50492e12989282da5f37d05f5471442f5374
  ruby_llm (1.16.0) sha256=26bd5310cf2ce55f74a60f8aae0b0d0327b586ff4532c84828103c3b2b905a18
  ruby_llm-schema (0.4.0) sha256=e930f5a5316f9301bff3fb7fe572e44727d05bb8e50621001bbb49a47d63b8da
  rubyzip (3.7.0) sha256=65c19294da75297a939006f3516deacc33185fbd721ff1954f7a231db6d3e121
  securerandom (0.4.1) sha256=cc5193d414a4341b6e225f0cb4446aceca8e50d5e1888743fac16987638ea0b1
  selenium-webdriver (4.51.0) sha256=09edf1b7fc360e0570bac609676f804ed527fe0b2f285e03233561e29b0ec105
  signet (0.22.0) sha256=b76d495ccb07ad35dbc89f3e920665a9d8ed717141955034005d7843dcfe4780
  snaky_hash (2.0.7) sha256=7d02c70012a3f932e48860cd024577908300c9aa615e0cb9b450aaa749cbcb4d
  solid_queue (1.0.2) sha256=f973a939aebd0ac0e764e43149d8ff9fdbf0a894f9330c14c65178fc40575110
  sprockets (4.4.1) sha256=fbd665edad0916de5c7abefef0fc616866a60c5e48ce2846f39ac3fc5df9e184
  sprockets-rails (3.5.2) sha256=a9e88e6ce9f8c912d349aa5401509165ec42326baf9e942a85de4b76dbc4119e
  standard (1.57.0) sha256=4a65ea92421fbaf77fb54da91e16093cf79b335b8f62c35aaa3dd714c8592858
  standard-custom (1.0.2) sha256=424adc84179a074f1a2a309bb9cf7cd6bfdb2b6541f20c6bf9436c0ba22a652b
  standard-performance (1.9.0) sha256=49483d31be448292951d80e5e67cdcb576c2502103c7b40aec6f1b6e9c88e3f2
  stimulus-rails (1.3.4) sha256=765676ffa1f33af64ce026d26b48e8ffb2e0b94e0f50e9119e11d6107d67cb06
  sync (0.5.0) sha256=668356cc07c59ac7ed9ecf34fec3929831f179c07adb1f3e1c3b7a1609a638fd
  syslog (0.4.0) sha256=c4c38ae982fe72903ec41094b5e5f2dcbbc66f510d0225c9702e5e980d827472
  tailwindcss-rails (2.7.9-aarch64-linux) sha256=e445c0761bcdc8fab423f35a9c6f2791ca73e46ef558a0e02601c9a2cf83dcb3
  tailwindcss-rails (2.7.9-arm-linux) sha256=95ec559d3478b9ef42232548ebe810570266b795b08822bfc472f5e9c98630b6
  tailwindcss-rails (2.7.9-arm64-darwin) sha256=9fd0e0f45e6695bf09c9275170d81ba47fdf6af4b7b6352d97467b7bb8e019f5
  tailwindcss-rails (2.7.9-x86_64-darwin) sha256=55a361c43ff8a65209e6d46f4d7dd901badb3b8a26ab603991789a2e5f4f79a9
  tailwindcss-rails (2.7.9-x86_64-linux) sha256=6ac0523506cb122e3e26bb07c2f6e150542530d0d13d8a4e8466ed7a69fbfce2
  thor (1.3.2) sha256=eef0293b9e24158ccad7ab383ae83534b7ad4ed99c09f96f1a6b036550abbeda
  timecop (0.9.11) sha256=41284dc6e5041f2184f781ace766f942108c842f8d8c1386a26e6343decc7542
  timeout (0.6.1) sha256=78f57368a7e7bbadec56971f78a3f5ecbcfb59b7fcbb0a3ed6ddc08a5094accb
  tins (1.60.1) sha256=4eafea1c8e63aeb0a2302a59f3928cf4a2f99b9fd265fc33ca0a069dd3f716ea
  tsort (0.2.0) sha256=9650a793f6859a43b6641671278f79cfead60ac714148aabe4e3f0060480089f
  ttfunk (1.8.0) sha256=a7cbc7e489cc46e979dde04d34b5b9e4f5c8f1ee5fc6b1a7be39b829919d20ca
  turbo-rails (2.0.23) sha256=ee0d90733aafff056cf51ff11e803d65e43cae258cc55f6492020ec1f9f9315f
  typhoeus (1.6.0) sha256=bacc41c23e379547e29801dc235cd1699b70b955a1ba3d32b2b877aa844c331d
  tzinfo (2.0.6) sha256=8daf828cc77bcf7d63b0e3bdb6caa47e2272dcfaf4fbfe46f8c3a9df087a829b
  unicode-display_width (3.3.0) sha256=4b7aa66a4b11db50f6f7e98411215cd0dd10eaecb665d36eec5bcacb3fa0b613
  unicode-emoji (4.3.0) sha256=11c02fa73290378c066bb0562cd4c87d8e1b706fbbe0059ca12746a4244de8ce
  uri (1.1.2) sha256=89292e98eabbef6248b0a0ed5e7e398e152f83f17560023a6d94a7f492b169fb
  useragent (0.16.11) sha256=700e6413ad4bb954bb63547fa098dddf7b0ebe75b40cc6f93b8d54255b173844
  version_gem (1.1.15) sha256=a73241587b29252e3567e0c818ded80730eb754d43b508f6ce4db22ca9ba27d0
  web-console (4.3.0) sha256=e13b71301cdfc2093f155b5aa3a622db80b4672d1f2f713119cc7ec7ac6a6da4
  webmock (3.26.4) sha256=8d8da206d217ebe6968cfb09c77f4533c23074e1432bad865f3994eacbaad50d
  websocket (1.2.11) sha256=b7e7a74e2410b5e85c25858b26b3322f29161e300935f70a0e0d3c35e0462737
  websocket-driver (0.8.2) sha256=97c556b019bf3410b4961002ac501621e9322d3f8a7bc02161a09301cc4c4146
  websocket-extensions (0.1.5) sha256=1c6ba63092cda343eb53fc657110c71c754c56484aad42578495227d717a8241
  xpath (3.2.0) sha256=6dfda79d91bb3b949b947ecc5919f042ef2f399b904013eb3ef6d20dd3a4082e
  zeitwerk (2.8.3) sha256=2c85125a8467ce069e20123d1e709a08955c9d29c118c25b46b7b7fafdbb92e5

RUBY VERSION
  ruby 4.0.3

BUNDLED WITH
  4.0.6
